{
  "name": "experdbconfiguration",
  "version": "1.0.0",
  "lockfileVersion": 2,
  "requires": true,
  "packages": {
    "": {
      "name": "experdbconfiguration",
      "version": "1.0.0",
      "license": "ISC",
      "dependencies": {
        "@types/jquery": "^3.5.14",
        "jquery-validation": "^1.19.4",
        "jquery.modal": "^0.2.4",
        "jsgrid": "^1.5.3"
      }
    },
    "node_modules/@types/jquery": {
      "version": "3.5.14",
      "resolved": "https://registry.npmjs.org/@types/jquery/-/jquery-3.5.14.tgz",
      "integrity": "sha512-X1gtMRMbziVQkErhTQmSe2jFwwENA/Zr+PprCkF63vFq+Yt5PZ4AlKqgmeNlwgn7dhsXEK888eIW2520EpC+xg==",
      "dependencies": {
        "@types/sizzle": "*"
      }
    },
    "node_modules/@types/sizzle": {
      "version": "2.3.3",
      "resolved": "https://registry.npmjs.org/@types/sizzle/-/sizzle-2.3.3.tgz",
      "integrity": "sha512-JYM8x9EGF163bEyhdJBpR2QX1R5naCJHC8ucJylJ3w9/CVBaskdQ8WqBf8MmQrd1kRvp/a4TS8HJ+bxzR7ZJYQ=="
    },
    "node_modules/jquery": {
      "version": "3.6.0",
      "resolved": "https://registry.npmjs.org/jquery/-/jquery-3.6.0.tgz",
      "integrity": "sha512-JVzAR/AjBvVt2BmYhxRCSYysDsPcssdmTFnzyLEts9qNwmjmu4JTAMYubEfwVOSwpQ1I1sKKFcxhZCI2buerfw==",
      "peer": true
    },
    "node_modules/jquery-validation": {
      "version": "1.19.4",
      "resolved": "https://registry.npmjs.org/jquery-validation/-/jquery-validation-1.19.4.tgz",
      "integrity": "sha512-PcwKcATCR+JL77m9kkWd84NAHAunJP9iasF6IbMxUgl73xDAimxjt5oYFmYHDXBmTZM4rpkXxMNR/jGI5TlSjA==",
      "peerDependencies": {
        "jquery": "^1.7 || ^2.0 || ^3.1"
      }
    },
    "node_modules/jquery.modal": {
      "version": "0.2.4",
      "resolved": "https://registry.npmjs.org/jquery.modal/-/jquery.modal-0.2.4.tgz",
      "integrity": "sha512-4l+lsXJtL5ZU3z3u1JBcjEflz8/Aen8PHYF64+vf2Pd/1hcNiaBqDI41V9Pj2fKzVzm0KNqTwAfQGxhGiRouTw==",
      "dependencies": {
        "jquery": "<2.0"
      },
      "engines": {
        "node": ">=0.6"
      }
    },
    "node_modules/jquery.modal/node_modules/jquery": {
      "version": "1.12.4",
      "resolved": "https://registry.npmjs.org/jquery/-/jquery-1.12.4.tgz",
      "integrity": "sha512-UEVp7PPK9xXYSk8xqXCJrkXnKZtlgWkd2GsAQbMRFK6S/ePU2JN5G2Zum8hIVjzR3CpdfSqdqAzId/xd4TJHeg=="
    },
    "node_modules/jsgrid": {
      "version": "1.5.3",
      "resolved": "https://registry.npmjs.org/jsgrid/-/jsgrid-1.5.3.tgz",
      "integrity": "sha512-/BJgQp7gZe8o/VgNelwXc21jHc9HN+l7WPOkBhC9b9jPXFtOrU9ftNLPVBmKYCNlIulAbGTW8SDJI0mpw7uWxQ=="
    }
  },
  "dependencies": {
    "@types/jquery": {
      "version": "3.5.14",
      "resolved": "https://registry.npmjs.org/@types/jquery/-/jquery-3.5.14.tgz",
      "integrity": "sha512-X1gtMRMbziVQkErhTQmSe2jFwwENA/Zr+PprCkF63vFq+Yt5PZ4AlKqgmeNlwgn7dhsXEK888eIW2520EpC+xg==",
      "requires": {
        "@types/sizzle": "*"
      }
    },
    "@types/sizzle": {
      "version": "2.3.3",
      "resolved": "https://registry.npmjs.org/@types/sizzle/-/sizzle-2.3.3.tgz",
      "integrity": "sha512-JYM8x9EGF163bEyhdJBpR2QX1R5naCJHC8ucJylJ3w9/CVBaskdQ8WqBf8MmQrd1kRvp/a4TS8HJ+bxzR7ZJYQ=="
    },
    "jquery": {
      "version": "3.6.0",
      "resolved": "https://registry.npmjs.org/jquery/-/jquery-3.6.0.tgz",
      "integrity": "sha512-JVzAR/AjBvVt2BmYhxRCSYysDsPcssdmTFnzyLEts9qNwmjmu4JTAMYubEfwVOSwpQ1I1sKKFcxhZCI2buerfw==",
      "peer": true
    },
    "jquery-validation": {
      "version": "1.19.4",
      "resolved": "https://registry.npmjs.org/jquery-validation/-/jquery-validation-1.19.4.tgz",
      "integrity": "sha512-PcwKcATCR+JL77m9kkWd84NAHAunJP9iasF6IbMxUgl73xDAimxjt5oYFmYHDXBmTZM4rpkXxMNR/jGI5TlSjA==",
      "requires": {}
    },
    "jquery.modal": {
      "version": "0.2.4",
      "resolved": "https://registry.npmjs.org/jquery.modal/-/jquery.modal-0.2.4.tgz",
      "integrity": "sha512-4l+lsXJtL5ZU3z3u1JBcjEflz8/Aen8PHYF64+vf2Pd/1hcNiaBqDI41V9Pj2fKzVzm0KNqTwAfQGxhGiRouTw==",
      "requires": {
        "jquery": "<2.0"
      },
      "dependencies": {
        "jquery": {
          "version": "1.12.4",
          "resolved": "https://registry.npmjs.org/jquery/-/jquery-1.12.4.tgz",
          "integrity": "sha512-UEVp7PPK9xXYSk8xqXCJrkXnKZtlgWkd2GsAQbMRFK6S/ePU2JN5G2Zum8hIVjzR3CpdfSqdqAzId/xd4TJHeg=="
        }
      }
    },
    "jsgrid": {
      "version": "1.5.3",
      "resolved": "https://registry.npmjs.org/jsgrid/-/jsgrid-1.5.3.tgz",
      "integrity": "sha512-/BJgQp7gZe8o/VgNelwXc21jHc9HN+l7WPOkBhC9b9jPXFtOrU9ftNLPVBmKYCNlIulAbGTW8SDJI0mpw7uWxQ=="
    }
  }
}
